lockfileVersion: '9.0'

settings:
  autoInstallPeers: true
  excludeLinksFromLockfile: false

importers:

  .:
    dependencies:
      node-appwrite:
        specifier: ^25.2.0
        version: 25.2.0

packages:

  bignumber.js@9.3.1:
    resolution: {integrity: sha512-Ko0uX15oIUS7wJ3Rb30Fs6SkVbLmPBAKdlm7q9+ak9bbIeFf0MwuBsQV6z7+X768/cHsfg+WlysDWJcmthjsjQ==}

  json-bigint@1.0.0:
    resolution: {integrity: sha512-SiPv/8VpZuWbvLSMtTDU8hEfrZWg/mH/nV/b4o0CYbSxu1UIQPLdwKOCIyLQX+VIPO5vrLX3i8qtqFyhdPSUSQ==}

  node-appwrite@25.2.0:
    resolution: {integrity: sha512-htfGugjhkLBT7QYpBA6P0bKApH9HpsGrGoxhL0DPxuWY0JUiCamEnu9tqfqIhbdsHJiNL3yYdpzkEDddBU9msQ==}

  node-fetch-native-with-agent@1.7.2:
    resolution: {integrity: sha512-5MaOOCuJEvcckoz7/tjdx1M6OusOY6Xc5f459IaruGStWnKzlI1qpNgaAwmn4LmFYcsSlj+jBMk84wmmRxfk5g==}

snapshots:

  bignumber.js@9.3.1: {}

  json-bigint@1.0.0:
    dependencies:
      bignumber.js: 9.3.1

  node-appwrite@25.2.0:
    dependencies:
      json-bigint: 1.0.0
      node-fetch-native-with-agent: 1.7.2

  node-fetch-native-with-agent@1.7.2: {}
